
Microsoft Visual Studio Solution File, Format Version 12.00
# Visual Studio Version 17
VisualStudioVersion = 17.4.33213.308
MinimumVisualStudioVersion = 10.0.40219.1
Project("{2150E333-8FDC-42A3-9474-1A3956D46DE8}") = "Microservices", "Microservices", "{C3E27A71-3EBA-4EC0-BB33-937307FED597}"
EndProject
Project("{9A19103F-16F7-4668-BE54-9A1E7A4F7556}") = "PubSub1", "src\Microservices\PubSub1\PubSub1.csproj", "{96067463-8263-49EB-A2CF-0E8901B88D0F}"
EndProject
Project("{9A19103F-16F7-4668-BE54-9A1E7A4F7556}") = "PubSub2", "src\Microservices\PubSub2\PubSub2.csproj", "{514509E5-6C25-45C1-930B-010D1CACA867}"
EndProject
Global
	GlobalSection(SolutionConfigurationPlatforms) = preSolution
		Debug|Any CPU = Debug|Any CPU
		Release|Any CPU = Release|Any CPU
	EndGlobalSection
	GlobalSection(ProjectConfigurationPlatforms) = postSolution
		{96067463-8263-49EB-A2CF-0E8901B88D0F}.Debug|Any CPU.ActiveCfg = Debug|Any CPU
		{96067463-8263-49EB-A2CF-0E8901B88D0F}.Debug|Any CPU.Build.0 = Debug|Any CPU
		{96067463-8263-49EB-A2CF-0E8901B88D0F}.Release|Any CPU.ActiveCfg = Release|Any CPU
		{96067463-8263-49EB-A2CF-0E8901B88D0F}.Release|Any CPU.Build.0 = Release|Any CPU
		{514509E5-6C25-45C1-930B-010D1CACA867}.Debug|Any CPU.ActiveCfg = Debug|Any CPU
		{514509E5-6C25-45C1-930B-010D1CACA867}.Debug|Any CPU.Build.0 = Debug|Any CPU
		{514509E5-6C25-45C1-930B-010D1CACA867}.Release|Any CPU.ActiveCfg = Release|Any CPU
		{514509E5-6C25-45C1-930B-010D1CACA867}.Release|Any CPU.Build.0 = Release|Any CPU
	EndGlobalSection
	GlobalSection(SolutionProperties) = preSolution
		HideSolutionNode = FALSE
	EndGlobalSection
	GlobalSection(NestedProjects) = preSolution
		{96067463-8263-49EB-A2CF-0E8901B88D0F} = {C3E27A71-3EBA-4EC0-BB33-937307FED597}
		{514509E5-6C25-45C1-930B-010D1CACA867} = {C3E27A71-3EBA-4EC0-BB33-937307FED597}
	EndGlobalSection
	GlobalSection(ExtensibilityGlobals) = postSolution
		SolutionGuid = {6C073079-61BD-4295-B670-46B3C52EE791}
	EndGlobalSection
EndGlobal
